<?xml version="1.0" encoding="utf-8"?>
<Project ToolsVersion="4.0" xmlns="http://schemas.microsoft.com/developer/msbuild/2003">
  <ItemGroup>
    <Filter Include="Source Files">
      <UniqueIdentifier>{4FC737F1-C7A5-4376-A066-2A32D752A2FF}</UniqueIdentifier>
      <Extensions>cpp;c;cc;cxx;def;odl;idl;hpj;bat;asm;asmx</Extensions>
    </Filter>
    <Filter Include="Header Files">
      <UniqueIdentifier>{93995380-89BD-4b04-88EB-625FBE52EBFB}</UniqueIdentifier>
      <Extensions>h;hh;hpp;hxx;hm;inl;inc;xsd</Extensions>
    </Filter>
    <Filter Include="Resource Files">
      <UniqueIdentifier>{D9D6E242-F8AF-46E4-B9FD-80ECBC20BA3E}</UniqueIdentifier>
      <Extensions>qrc;*</Extensions>
      <ParseFiles>false</ParseFiles>
    </Filter>
    <Filter Include="Form Files">
      <UniqueIdentifier>{99349809-55BA-4b9d-BF79-8FDBB0286EB3}</UniqueIdentifier>
      <Extensions>ui</Extensions>
    </Filter>
    <Filter Include="Resource Files">
      <UniqueIdentifier>{D9D6E242-F8AF-46E4-B9FD-80ECBC20BA3E}</UniqueIdentifier>
      <Extensions>qrc;*</Extensions>
      <ParseFiles>false</ParseFiles>
    </Filter>
    <Filter Include="Generated Files">
      <UniqueIdentifier>{71ED8ED8-ACB9-4CE9-BBE1-E00B30144E11}</UniqueIdentifier>
      <Extensions>moc;h;cpp</Extensions>
      <SourceControlFiles>False</SourceControlFiles>
    </Filter>
    <Filter Include="Generated Files\Debug">
      <UniqueIdentifier>{acf4a89f-f63e-4387-b6b0-e44f61cdab16}</UniqueIdentifier>
      <Extensions>cpp;moc</Extensions>
      <SourceControlFiles>False</SourceControlFiles>
    </Filter>
    <Filter Include="Generated Files\Release">
      <UniqueIdentifier>{c2e5467f-16f9-4dc9-935f-491c63a43efe}</UniqueIdentifier>
      <Extensions>cpp;moc</Extensions>
      <SourceControlFiles>False</SourceControlFiles>
    </Filter>
    <Filter Include="Source Files\Application">
      <UniqueIdentifier>{6251c48a-b391-4a99-b014-c515df7d0458}</UniqueIdentifier>
    </Filter>
    <Filter Include="Source Files\Web">
      <UniqueIdentifier>{87244cde-8cf4-4233-a109-05788e98051a}</UniqueIdentifier>
    </Filter>
    <Filter Include="Header Files\Application">
      <UniqueIdentifier>{c490f77a-0faa-4e26-80c5-a5177f83a8e4}</UniqueIdentifier>
    </Filter>
    <Filter Include="Header Files\Web">
      <UniqueIdentifier>{f892173f-b6a3-40fe-9f96-e4f84fc77866}</UniqueIdentifier>
    </Filter>
    <Filter Include="Header Files\Video">
      <UniqueIdentifier>{a4a49bdb-8fc6-417c-95ae-c5fd1a72a4f1}</UniqueIdentifier>
    </Filter>
    <Filter Include="Source Files\Video">
      <UniqueIdentifier>{fff7f0cf-c43b-40c6-8187-579a1cc19e96}</UniqueIdentifier>
    </Filter>
  </ItemGroup>
  <ItemGroup>
    <ClCompile Include="GeneratedFiles\Debug\moc_QTWebServer.cpp">
      <Filter>Generated Files\Debug</Filter>
    </ClCompile>
    <ClCompile Include="GeneratedFiles\Release\moc_QTWebServer.cpp">
      <Filter>Generated Files\Release</Filter>
    </ClCompile>
    <ClCompile Include="Files\Sources\ApplicationManager.cpp">
      <Filter>Source Files\Application</Filter>
    </ClCompile>
    <ClCompile Include="Files\Sources\main.cpp">
      <Filter>Source Files\Application</Filter>
    </ClCompile>
    <ClCompile Include="Files\Sources\QTWebServer.cpp">
      <Filter>Source Files\Web</Filter>
    </ClCompile>
    <ClCompile Include="Files\Sources\RequestsHandler.cpp">
      <Filter>Source Files\Web</Filter>
    </ClCompile>
    <ClCompile Include="GeneratedFiles\Debug\moc_RequestsHandler.cpp">
      <Filter>Generated Files\Debug</Filter>
    </ClCompile>
    <ClCompile Include="GeneratedFiles\Release\moc_RequestsHandler.cpp">
      <Filter>Generated Files\Release</Filter>
    </ClCompile>
    <ClCompile Include="GeneratedFiles\qrc_GaumontServerPlastron.cpp">
      <Filter>Generated Files</Filter>
    </ClCompile>
    <ClCompile Include="GeneratedFiles\Debug\moc_FullMediaPlayerWithList.cpp">
      <Filter>Generated Files\Debug</Filter>
    </ClCompile>
    <ClCompile Include="GeneratedFiles\Release\moc_FullMediaPlayerWithList.cpp">
      <Filter>Generated Files\Release</Filter>
    </ClCompile>
    <ClCompile Include="Files\Sources\FullMediaPlayerWithList.cpp">
      <Filter>Source Files\Video</Filter>
    </ClCompile>
    <ClCompile Include="Files\Sources\DisplayWindow.cpp">
      <Filter>Source Files\Video</Filter>
    </ClCompile>
    <ClCompile Include="GeneratedFiles\Debug\moc_DisplayWindow.cpp">
      <Filter>Generated Files\Debug</Filter>
    </ClCompile>
    <ClCompile Include="GeneratedFiles\Release\moc_DisplayWindow.cpp">
      <Filter>Generated Files\Release</Filter>
    </ClCompile>
  </ItemGroup>
  <ItemGroup>
    <CustomBuild Include="Files\Headers\QTWebServer.h">
      <Filter>Header Files\Web</Filter>
    </CustomBuild>
    <CustomBuild Include="Files\Headers\RequestsHandler.h">
      <Filter>Header Files\Web</Filter>
    </CustomBuild>
    <CustomBuild Include="UI\GaumontMediaDisplay.ui">
      <Filter>Form Files</Filter>
    </CustomBuild>
    <CustomBuild Include="Resources\GaumontServerPlastron.qrc">
      <Filter>Resource Files</Filter>
    </CustomBuild>
    <CustomBuild Include="Files\Headers\FullMediaPlayerWithList.h">
      <Filter>Header Files\Video</Filter>
    </CustomBuild>
    <CustomBuild Include="Files\Headers\DisplayWindow.h">
      <Filter>Header Files\Video</Filter>
    </CustomBuild>
  </ItemGroup>
  <ItemGroup>
    <ClInclude Include="Files\Headers\ApplicationManager.h">
      <Filter>Header Files\Application</Filter>
    </ClInclude>
    <ClInclude Include="GeneratedFiles\ui_GaumontMediaDisplay.h">
      <Filter>Generated Files</Filter>
    </ClInclude>
  </ItemGroup>
</Project>